
Microsoft Visual Studio Solution File, Format Version 12.00
# Visual Studio Version 16
VisualStudioVersion = 25.0.1705.4
MinimumVisualStudioVersion = 10.0.40219.1
Project("{FAE04EC0-301F-11D3-BF4B-00C04F79EFBC}") = "BeautyAI", "BeautyAI\BeautyAI.csproj", "{DECFF808-F97D-4D69-8531-322F4D42B52C}"
EndProject
Global
	GlobalSection(SolutionConfigurationPlatforms) = preSolution
		Debug|Any CPU = Debug|Any CPU
		Release|Any CPU = Release|Any CPU
	EndGlobalSection
	GlobalSection(ProjectConfigurationPlatforms) = postSolution
		{DECFF808-F97D-4D69-8531-322F4D42B52C}.Debug|Any CPU.ActiveCfg = Debug|Any CPU
		{DECFF808-F97D-4D69-8531-322F4D42B52C}.Debug|Any CPU.Build.0 = Debug|Any CPU
		{DECFF808-F97D-4D69-8531-322F4D42B52C}.Release|Any CPU.ActiveCfg = Release|Any CPU
		{DECFF808-F97D-4D69-8531-322F4D42B52C}.Release|Any CPU.Build.0 = Release|Any CPU
	EndGlobalSection
	GlobalSection(SolutionProperties) = preSolution
		HideSolutionNode = FALSE
	EndGlobalSection
	GlobalSection(ExtensibilityGlobals) = postSolution
		SolutionGuid = {DB4EE0B2-CBCB-48DF-BDC2-B98F753CFC96}
	EndGlobalSection
EndGlobal
